
Microsoft Visual Studio Solution File, Format Version 12.00
# Visual Studio 15
VisualStudioVersion = 15.0.27703.2000
MinimumVisualStudioVersion = 10.0.40219.1
Project("{FAE04EC0-301F-11D3-BF4B-00C04F79EFBC}") = "PubApi", "PubApi.csproj", "{5D3B5150-545E-4D15-96AD-78040F1F49B1}"
EndProject
Global
	GlobalSection(SolutionConfigurationPlatforms) = preSolution
		Debug|Any CPU = Debug|Any CPU
		Release|Any CPU = Release|Any CPU
	EndGlobalSection
	GlobalSection(ProjectConfigurationPlatforms) = postSolution
		{5D3B5150-545E-4D15-96AD-78040F1F49B1}.Debug|Any CPU.ActiveCfg = Debug|Any CPU
		{5D3B5150-545E-4D15-96AD-78040F1F49B1}.Debug|Any CPU.Build.0 = Debug|Any CPU
		{5D3B5150-545E-4D15-96AD-78040F1F49B1}.Release|Any CPU.ActiveCfg = Release|Any CPU
		{5D3B5150-545E-4D15-96AD-78040F1F49B1}.Release|Any CPU.Build.0 = Release|Any CPU
	EndGlobalSection
	GlobalSection(SolutionProperties) = preSolution
		HideSolutionNode = FALSE
	EndGlobalSection
	GlobalSection(ExtensibilityGlobals) = postSolution
		SolutionGuid = {D9F92E7A-DFC5-47F9-989C-14BB0128A99F}
	EndGlobalSection
EndGlobal
